// !$*UTF8*$!
{
	archiveVersion = 1;
	classes = {
	};
	objectVersion = 56;
	objects = {

/* Begin PBXBuildFile section */
		F9432CA329881BDA00CFFC60 /* CKPageBarLayout.swift in Sources */ = {isa = PBXBuildFile; fileRef = F9432CA229881BDA00CFFC60 /* CKPageBarLayout.swift */; };
		F9432CA529881BF700CFFC60 /* CKPageBarPlainLayout.swift in Sources */ = {isa = PBXBuildFile; fileRef = F9432CA429881BF700CFFC60 /* CKPageBarPlainLayout.swift */; };
		F959D54C2986D40E006CAC08 /* HomeViewController.swift in Sources */ = {isa = PBXBuildFile; fileRef = F959D54B2986D40E006CAC08 /* HomeViewController.swift */; };
		F959D54F2986D505006CAC08 /* CKRViewController.swift in Sources */ = {isa = PBXBuildFile; fileRef = F959D54E2986D505006CAC08 /* CKRViewController.swift */; };
		F959D5512986D50D006CAC08 /* CKRCollectionController.swift in Sources */ = {isa = PBXBuildFile; fileRef = F959D5502986D50D006CAC08 /* CKRCollectionController.swift */; };
		F959D5532986D57F006CAC08 /* AppNavigator.swift in Sources */ = {isa = PBXBuildFile; fileRef = F959D5522986D57F006CAC08 /* AppNavigator.swift */; };
		F959D5552986D5BF006CAC08 /* CKRPageController.swift in Sources */ = {isa = PBXBuildFile; fileRef = F959D5542986D5BF006CAC08 /* CKRPageController.swift */; };
		F959D5572986D5F2006CAC08 /* CKRNavigationController.swift in Sources */ = {isa = PBXBuildFile; fileRef = F959D5562986D5F2006CAC08 /* CKRNavigationController.swift */; };
		F959D55B2986D616006CAC08 /* CKRTabBarController.swift in Sources */ = {isa = PBXBuildFile; fileRef = F959D55A2986D616006CAC08 /* CKRTabBarController.swift */; };
		F959D55F2986DAAB006CAC08 /* ShopViewController.storyboard in Resources */ = {isa = PBXBuildFile; fileRef = F959D55E2986DAAB006CAC08 /* ShopViewController.storyboard */; };
		F959D5612986DAB4006CAC08 /* ShopViewController.swift in Sources */ = {isa = PBXBuildFile; fileRef = F959D5602986DAB4006CAC08 /* ShopViewController.swift */; };
		F959D5632986DABD006CAC08 /* StyleViewController.storyboard in Resources */ = {isa = PBXBuildFile; fileRef = F959D5622986DABD006CAC08 /* StyleViewController.storyboard */; };
		F959D5652986DAC4006CAC08 /* StyleViewController.swift in Sources */ = {isa = PBXBuildFile; fileRef = F959D5642986DAC4006CAC08 /* StyleViewController.swift */; };
		F980C488298AD704004C7C8F /* QuickButtonSection.swift in Sources */ = {isa = PBXBuildFile; fileRef = F980C487298AD704004C7C8F /* QuickButtonSection.swift */; };
		F980C48D298AD88C004C7C8F /* QuickButtonRepository.swift in Sources */ = {isa = PBXBuildFile; fileRef = F980C48C298AD88C004C7C8F /* QuickButtonRepository.swift */; };
		F980C48F298AD893004C7C8F /* QuickButtonDataSource.swift in Sources */ = {isa = PBXBuildFile; fileRef = F980C48E298AD893004C7C8F /* QuickButtonDataSource.swift */; };
		F980C492298AD9ED004C7C8F /* CKRRepository.swift in Sources */ = {isa = PBXBuildFile; fileRef = F980C491298AD9ED004C7C8F /* CKRRepository.swift */; };
		F980C495298ADEB0004C7C8F /* RecommendBrandRepository.swift in Sources */ = {isa = PBXBuildFile; fileRef = F980C494298ADEB0004C7C8F /* RecommendBrandRepository.swift */; };
		F980C497298ADEFE004C7C8F /* RecommendBrandDataSource.swift in Sources */ = {isa = PBXBuildFile; fileRef = F980C496298ADEFE004C7C8F /* RecommendBrandDataSource.swift */; };
		F99B6A2A2989647500C0637A /* GenderViewController.swift in Sources */ = {isa = PBXBuildFile; fileRef = F99B6A292989647500C0637A /* GenderViewController.swift */; };
		F99B6A30298964B600C0637A /* ReleaseViewController.swift in Sources */ = {isa = PBXBuildFile; fileRef = F99B6A2F298964B600C0637A /* ReleaseViewController.swift */; };
		F99B6A322989671A00C0637A /* ExhibitionViewController.swift in Sources */ = {isa = PBXBuildFile; fileRef = F99B6A312989671A00C0637A /* ExhibitionViewController.swift */; };
		F99B6A392989690000C0637A /* CKRCollectionController.storyboard in Resources */ = {isa = PBXBuildFile; fileRef = F99B6A382989690000C0637A /* CKRCollectionController.storyboard */; };
		F99B6A3C29896FA100C0637A /* RxCocoa in Frameworks */ = {isa = PBXBuildFile; productRef = F99B6A3B29896FA100C0637A /* RxCocoa */; };
		F99B6A3E29896FA100C0637A /* RxRelay in Frameworks */ = {isa = PBXBuildFile; productRef = F99B6A3D29896FA100C0637A /* RxRelay */; };
		F99B6A4029896FA100C0637A /* RxSwift in Frameworks */ = {isa = PBXBuildFile; productRef = F99B6A3F29896FA100C0637A /* RxSwift */; };
		F99B6A4E2989863200C0637A /* CKRSection.swift in Sources */ = {isa = PBXBuildFile; fileRef = F99B6A4D2989863200C0637A /* CKRSection.swift */; };
		F99B6A53298986BA00C0637A /* SectionLayout.swift in Sources */ = {isa = PBXBuildFile; fileRef = F99B6A52298986BA00C0637A /* SectionLayout.swift */; };
		F99B6A552989891300C0637A /* CKRCell.swift in Sources */ = {isa = PBXBuildFile; fileRef = F99B6A542989891300C0637A /* CKRCell.swift */; };
		F99B6A5829898B3B00C0637A /* UIView+.swift in Sources */ = {isa = PBXBuildFile; fileRef = F99B6A5729898B3B00C0637A /* UIView+.swift */; };
		F9D5C5522986C13A0026EEDC /* AppDelegate.swift in Sources */ = {isa = PBXBuildFile; fileRef = F9D5C5512986C13A0026EEDC /* AppDelegate.swift */; };
		F9D5C5542986C13A0026EEDC /* SceneDelegate.swift in Sources */ = {isa = PBXBuildFile; fileRef = F9D5C5532986C13A0026EEDC /* SceneDelegate.swift */; };
		F9D5C55B2986C13B0026EEDC /* Assets.xcassets in Resources */ = {isa = PBXBuildFile; fileRef = F9D5C55A2986C13B0026EEDC /* Assets.xcassets */; };
		F9D5C55E2986C13B0026EEDC /* LaunchScreen.storyboard in Resources */ = {isa = PBXBuildFile; fileRef = F9D5C55C2986C13B0026EEDC /* LaunchScreen.storyboard */; };
/* End PBXBuildFile section */

/* Begin PBXFileReference section */
		F9432CA229881BDA00CFFC60 /* CKPageBarLayout.swift */ = {isa = PBXFileReference; lastKnownFileType = sourcecode.swift; name = CKPageBarLayout.swift; path = ../../../../../../../../../../Desktop/CKPageBarLayout.swift; sourceTree = "<group>"; };
		F9432CA429881BF700CFFC60 /* CKPageBarPlainLayout.swift */ = {isa = PBXFileReference; lastKnownFileType = sourcecode.swift; path = CKPageBarPlainLayout.swift; sourceTree = "<group>"; };
		F959D54B2986D40E006CAC08 /* HomeViewController.swift */ = {isa = PBXFileReference; lastKnownFileType = sourcecode.swift; path = HomeViewController.swift; sourceTree = "<group>"; };
		F959D54E2986D505006CAC08 /* CKRViewController.swift */ = {isa = PBXFileReference; lastKnownFileType = sourcecode.swift; path = CKRViewController.swift; sourceTree = "<group>"; };
		F959D5502986D50D006CAC08 /* CKRCollectionController.swift */ = {isa = PBXFileReference; lastKnownFileType = sourcecode.swift; path = CKRCollectionController.swift; sourceTree = "<group>"; };
		F959D5522986D57F006CAC08 /* AppNavigator.swift */ = {isa = PBXFileReference; lastKnownFileType = sourcecode.swift; path = AppNavigator.swift; sourceTree = "<group>"; };
		F959D5542986D5BF006CAC08 /* CKRPageController.swift */ = {isa = PBXFileReference; lastKnownFileType = sourcecode.swift; path = CKRPageController.swift; sourceTree = "<group>"; };
		F959D5562986D5F2006CAC08 /* CKRNavigationController.swift */ = {isa = PBXFileReference; lastKnownFileType = sourcecode.swift; path = CKRNavigationController.swift; sourceTree = "<group>"; };
		F959D55A2986D616006CAC08 /* CKRTabBarController.swift */ = {isa = PBXFileReference; lastKnownFileType = sourcecode.swift; path = CKRTabBarController.swift; sourceTree = "<group>"; };
		F959D55E2986DAAB006CAC08 /* ShopViewController.storyboard */ = {isa = PBXFileReference; lastKnownFileType = file.storyboard; path = ShopViewController.storyboard; sourceTree = "<group>"; };
		F959D5602986DAB4006CAC08 /* ShopViewController.swift */ = {isa = PBXFileReference; lastKnownFileType = sourcecode.swift; path = ShopViewController.swift; sourceTree = "<group>"; };
		F959D5622986DABD006CAC08 /* StyleViewController.storyboard */ = {isa = PBXFileReference; lastKnownFileType = file.storyboard; path = StyleViewController.storyboard; sourceTree = "<group>"; };
		F959D5642986DAC4006CAC08 /* StyleViewController.swift */ = {isa = PBXFileReference; lastKnownFileType = sourcecode.swift; path = StyleViewController.swift; sourceTree = "<group>"; };
		F980C487298AD704004C7C8F /* QuickButtonSection.swift */ = {isa = PBXFileReference; lastKnownFileType = sourcecode.swift; path = QuickButtonSection.swift; sourceTree = "<group>"; };
		F980C48C298AD88C004C7C8F /* QuickButtonRepository.swift */ = {isa = PBXFileReference; lastKnownFileType = sourcecode.swift; path = QuickButtonRepository.swift; sourceTree = "<group>"; };
		F980C48E298AD893004C7C8F /* QuickButtonDataSource.swift */ = {isa = PBXFileReference; lastKnownFileType = sourcecode.swift; path = QuickButtonDataSource.swift; sourceTree = "<group>"; };
		F980C491298AD9ED004C7C8F /* CKRRepository.swift */ = {isa = PBXFileReference; lastKnownFileType = sourcecode.swift; path = CKRRepository.swift; sourceTree = "<group>"; };
		F980C494298ADEB0004C7C8F /* RecommendBrandRepository.swift */ = {isa = PBXFileReference; lastKnownFileType = sourcecode.swift; path = RecommendBrandRepository.swift; sourceTree = "<group>"; };
		F980C496298ADEFE004C7C8F /* RecommendBrandDataSource.swift */ = {isa = PBXFileReference; lastKnownFileType = sourcecode.swift; path = RecommendBrandDataSource.swift; sourceTree = "<group>"; };
		F99B6A292989647500C0637A /* GenderViewController.swift */ = {isa = PBXFileReference; lastKnownFileType = sourcecode.swift; path = GenderViewController.swift; sourceTree = "<group>"; };
		F99B6A2F298964B600C0637A /* ReleaseViewController.swift */ = {isa = PBXFileReference; lastKnownFileType = sourcecode.swift; path = ReleaseViewController.swift; sourceTree = "<group>"; };
		F99B6A312989671A00C0637A /* ExhibitionViewController.swift */ = {isa = PBXFileReference; lastKnownFileType = sourcecode.swift; path = ExhibitionViewController.swift; sourceTree = "<group>"; };
		F99B6A382989690000C0637A /* CKRCollectionController.storyboard */ = {isa = PBXFileReference; lastKnownFileType = file.storyboard; path = CKRCollectionController.storyboard; sourceTree = "<group>"; };
		F99B6A4D2989863200C0637A /* CKRSection.swift */ = {isa = PBXFileReference; lastKnownFileType = sourcecode.swift; path = CKRSection.swift; sourceTree = "<group>"; };
		F99B6A52298986BA00C0637A /* SectionLayout.swift */ = {isa = PBXFileReference; lastKnownFileType = sourcecode.swift; path = SectionLayout.swift; sourceTree = "<group>"; };
		F99B6A542989891300C0637A /* CKRCell.swift */ = {isa = PBXFileReference; lastKnownFileType = sourcecode.swift; path = CKRCell.swift; sourceTree = "<group>"; };
		F99B6A5729898B3B00C0637A /* UIView+.swift */ = {isa = PBXFileReference; lastKnownFileType = sourcecode.swift; path = "UIView+.swift"; sourceTree = "<group>"; };
		F9D5C54E2986C13A0026EEDC /* ChouxKream.app */ = {isa = PBXFileReference; explicitFileType = wrapper.application; includeInIndex = 0; path = ChouxKream.app; sourceTree = BUILT_PRODUCTS_DIR; };
		F9D5C5512986C13A0026EEDC /* AppDelegate.swift */ = {isa = PBXFileReference; lastKnownFileType = sourcecode.swift; path = AppDelegate.swift; sourceTree = "<group>"; };
		F9D5C5532986C13A0026EEDC /* SceneDelegate.swift */ = {isa = PBXFileReference; lastKnownFileType = sourcecode.swift; path = SceneDelegate.swift; sourceTree = "<group>"; };
		F9D5C55A2986C13B0026EEDC /* Assets.xcassets */ = {isa = PBXFileReference; lastKnownFileType = folder.assetcatalog; path = Assets.xcassets; sourceTree = "<group>"; };
		F9D5C55D2986C13B0026EEDC /* Base */ = {isa = PBXFileReference; lastKnownFileType = file.storyboard; name = Base; path = Base.lproj/LaunchScreen.storyboard; sourceTree = "<group>"; };
		F9D5C55F2986C13B0026EEDC /* Info.plist */ = {isa = PBXFileReference; lastKnownFileType = text.plist.xml; path = Info.plist; sourceTree = "<group>"; };
/* End PBXFileReference section */

/* Begin PBXFrameworksBuildPhase section */
		F9D5C54B2986C13A0026EEDC /* Frameworks */ = {
			isa = PBXFrameworksBuildPhase;
			buildActionMask = 2147483647;
			files = (
				F99B6A4029896FA100C0637A /* RxSwift in Frameworks */,
				F99B6A3E29896FA100C0637A /* RxRelay in Frameworks */,
				F99B6A3C29896FA100C0637A /* RxCocoa in Frameworks */,
			);
			runOnlyForDeploymentPostprocessing = 0;
		};
/* End PBXFrameworksBuildPhase section */

/* Begin PBXGroup section */
		F9432CA029881BBB00CFFC60 /* CKRPageController */ = {
			isa = PBXGroup;
			children = (
				F959D5542986D5BF006CAC08 /* CKRPageController.swift */,
				F9432CA129881BC700CFFC60 /* CKPageBarLayout */,
			);
			path = CKRPageController;
			sourceTree = "<group>";
		};
		F9432CA129881BC700CFFC60 /* CKPageBarLayout */ = {
			isa = PBXGroup;
			children = (
				F9432CA229881BDA00CFFC60 /* CKPageBarLayout.swift */,
				F9432CA429881BF700CFFC60 /* CKPageBarPlainLayout.swift */,
			);
			path = CKPageBarLayout;
			sourceTree = "<group>";
		};
		F959D5482986D3FD006CAC08 /* Home */ = {
			isa = PBXGroup;
			children = (
				F959D54B2986D40E006CAC08 /* HomeViewController.swift */,
				F99B6A292989647500C0637A /* GenderViewController.swift */,
				F99B6A2F298964B600C0637A /* ReleaseViewController.swift */,
				F99B6A312989671A00C0637A /* ExhibitionViewController.swift */,
				F99B6A4F2989865500C0637A /* Component */,
			);
			path = Home;
			sourceTree = "<group>";
		};
		F959D54D2986D4EA006CAC08 /* Template */ = {
			isa = PBXGroup;
			children = (
				F959D5592986D607006CAC08 /* Content */,
				F959D5582986D600006CAC08 /* Container */,
			);
			path = Template;
			sourceTree = "<group>";
		};
		F959D5582986D600006CAC08 /* Container */ = {
			isa = PBXGroup;
			children = (
				F959D5562986D5F2006CAC08 /* CKRNavigationController.swift */,
				F9432CA029881BBB00CFFC60 /* CKRPageController */,
				F959D55A2986D616006CAC08 /* CKRTabBarController.swift */,
			);
			path = Container;
			sourceTree = "<group>";
		};
		F959D5592986D607006CAC08 /* Content */ = {
			isa = PBXGroup;
			children = (
				F959D54E2986D505006CAC08 /* CKRViewController.swift */,
				F99B6A352989687900C0637A /* CKRCollectionController */,
			);
			path = Content;
			sourceTree = "<group>";
		};
		F959D55C2986DA90006CAC08 /* Style */ = {
			isa = PBXGroup;
			children = (
				F959D5622986DABD006CAC08 /* StyleViewController.storyboard */,
				F959D5642986DAC4006CAC08 /* StyleViewController.swift */,
			);
			path = Style;
			sourceTree = "<group>";
		};
		F959D55D2986DA95006CAC08 /* Shop */ = {
			isa = PBXGroup;
			children = (
				F959D55E2986DAAB006CAC08 /* ShopViewController.storyboard */,
				F959D5602986DAB4006CAC08 /* ShopViewController.swift */,
			);
			path = Shop;
			sourceTree = "<group>";
		};
		F980C489298AD86C004C7C8F /* QuickButton */ = {
			isa = PBXGroup;
			children = (
				F980C48C298AD88C004C7C8F /* QuickButtonRepository.swift */,
				F980C48E298AD893004C7C8F /* QuickButtonDataSource.swift */,
			);
			path = QuickButton;
			sourceTree = "<group>";
		};
		F980C490298AD9E7004C7C8F /* Template */ = {
			isa = PBXGroup;
			children = (
				F980C491298AD9ED004C7C8F /* CKRRepository.swift */,
			);
			path = Template;
			sourceTree = "<group>";
		};
		F980C493298ADE81004C7C8F /* RecommendBrand */ = {
			isa = PBXGroup;
			children = (
				F980C494298ADEB0004C7C8F /* RecommendBrandRepository.swift */,
				F980C496298ADEFE004C7C8F /* RecommendBrandDataSource.swift */,
			);
			path = RecommendBrand;
			sourceTree = "<group>";
		};
		F99B6A352989687900C0637A /* CKRCollectionController */ = {
			isa = PBXGroup;
			children = (
				F959D5502986D50D006CAC08 /* CKRCollectionController.swift */,
				F99B6A382989690000C0637A /* CKRCollectionController.storyboard */,
				F99B6A4C2989862400C0637A /* Section */,
			);
			path = CKRCollectionController;
			sourceTree = "<group>";
		};
		F99B6A412989758800C0637A /* Data */ = {
			isa = PBXGroup;
			children = (
				F980C490298AD9E7004C7C8F /* Template */,
				F980C489298AD86C004C7C8F /* QuickButton */,
				F980C493298ADE81004C7C8F /* RecommendBrand */,
			);
			path = Data;
			sourceTree = "<group>";
		};
		F99B6A4C2989862400C0637A /* Section */ = {
			isa = PBXGroup;
			children = (
				F99B6A4D2989863200C0637A /* CKRSection.swift */,
				F99B6A542989891300C0637A /* CKRCell.swift */,
				F99B6A52298986BA00C0637A /* SectionLayout.swift */,
			);
			path = Section;
			sourceTree = "<group>";
		};
		F99B6A4F2989865500C0637A /* Component */ = {
			isa = PBXGroup;
			children = (
				F980C487298AD704004C7C8F /* QuickButtonSection.swift */,
			);
			path = Component;
			sourceTree = "<group>";
		};
		F99B6A5629898B1A00C0637A /* Extension */ = {
			isa = PBXGroup;
			children = (
				F99B6A5729898B3B00C0637A /* UIView+.swift */,
			);
			path = Extension;
			sourceTree = "<group>";
		};
		F9D5C5452986C13A0026EEDC = {
			isa = PBXGroup;
			children = (
				F9D5C5502986C13A0026EEDC /* ChouxKream */,
				F9D5C54F2986C13A0026EEDC /* Products */,
			);
			sourceTree = "<group>";
		};
		F9D5C54F2986C13A0026EEDC /* Products */ = {
			isa = PBXGroup;
			children = (
				F9D5C54E2986C13A0026EEDC /* ChouxKream.app */,
			);
			name = Products;
			sourceTree = "<group>";
		};
		F9D5C5502986C13A0026EEDC /* ChouxKream */ = {
			isa = PBXGroup;
			children = (
				F9D5C5652986C5BD0026EEDC /* Sources */,
				F9D5C5662986C5C50026EEDC /* Resources */,
			);
			path = ChouxKream;
			sourceTree = "<group>";
		};
		F9D5C5652986C5BD0026EEDC /* Sources */ = {
			isa = PBXGroup;
			children = (
				F9D5C5672986C5ED0026EEDC /* Application */,
				F9D5C5682986C5F20026EEDC /* Presentation */,
				F99B6A412989758800C0637A /* Data */,
				F99B6A5629898B1A00C0637A /* Extension */,
			);
			path = Sources;
			sourceTree = "<group>";
		};
		F9D5C5662986C5C50026EEDC /* Resources */ = {
			isa = PBXGroup;
			children = (
				F9D5C55A2986C13B0026EEDC /* Assets.xcassets */,
				F9D5C55C2986C13B0026EEDC /* LaunchScreen.storyboard */,
				F9D5C55F2986C13B0026EEDC /* Info.plist */,
			);
			path = Resources;
			sourceTree = "<group>";
		};
		F9D5C5672986C5ED0026EEDC /* Application */ = {
			isa = PBXGroup;
			children = (
				F9D5C5512986C13A0026EEDC /* AppDelegate.swift */,
				F959D5522986D57F006CAC08 /* AppNavigator.swift */,
				F9D5C5532986C13A0026EEDC /* SceneDelegate.swift */,
			);
			path = Application;
			sourceTree = "<group>";
		};
		F9D5C5682986C5F20026EEDC /* Presentation */ = {
			isa = PBXGroup;
			children = (
				F959D54D2986D4EA006CAC08 /* Template */,
				F959D5482986D3FD006CAC08 /* Home */,
				F959D55C2986DA90006CAC08 /* Style */,
				F959D55D2986DA95006CAC08 /* Shop */,
			);
			path = Presentation;
			sourceTree = "<group>";
		};
/* End PBXGroup section */

/* Begin PBXNativeTarget section */
		F9D5C54D2986C13A0026EEDC /* ChouxKream */ = {
			isa = PBXNativeTarget;
			buildConfigurationList = F9D5C5622986C13B0026EEDC /* Build configuration list for PBXNativeTarget "ChouxKream" */;
			buildPhases = (
				F9D5C54A2986C13A0026EEDC /* Sources */,
				F9D5C54B2986C13A0026EEDC /* Frameworks */,
				F9D5C54C2986C13A0026EEDC /* Resources */,
			);
			buildRules = (
			);
			dependencies = (
			);
			name = ChouxKream;
			packageProductDependencies = (
				F99B6A3B29896FA100C0637A /* RxCocoa */,
				F99B6A3D29896FA100C0637A /* RxRelay */,
				F99B6A3F29896FA100C0637A /* RxSwift */,
			);
			productName = ChouxKream;
			productReference = F9D5C54E2986C13A0026EEDC /* ChouxKream.app */;
			productType = "com.apple.product-type.application";
		};
/* End PBXNativeTarget section */

/* Begin PBXProject section */
		F9D5C5462986C13A0026EEDC /* Project object */ = {
			isa = PBXProject;
			attributes = {
				BuildIndependentTargetsInParallel = 1;
				LastSwiftUpdateCheck = 1420;
				LastUpgradeCheck = 1420;
				TargetAttributes = {
					F9D5C54D2986C13A0026EEDC = {
						CreatedOnToolsVersion = 14.2;
					};
				};
			};
			buildConfigurationList = F9D5C5492986C13A0026EEDC /* Build configuration list for PBXProject "ChouxKream" */;
			compatibilityVersion = "Xcode 14.0";
			developmentRegion = en;
			hasScannedForEncodings = 0;
			knownRegions = (
				en,
				Base,
			);
			mainGroup = F9D5C5452986C13A0026EEDC;
			packageReferences = (
				F99B6A3A29896FA100C0637A /* XCRemoteSwiftPackageReference "RxSwift" */,
			);
			productRefGroup = F9D5C54F2986C13A0026EEDC /* Products */;
			projectDirPath = "";
			projectRoot = "";
			targets = (
				F9D5C54D2986C13A0026EEDC /* ChouxKream */,
			);
		};
/* End PBXProject section */

/* Begin PBXResourcesBuildPhase section */
		F9D5C54C2986C13A0026EEDC /* Resources */ = {
			isa = PBXResourcesBuildPhase;
			buildActionMask = 2147483647;
			files = (
				F99B6A392989690000C0637A /* CKRCollectionController.storyboard in Resources */,
				F959D5632986DABD006CAC08 /* StyleViewController.storyboard in Resources */,
				F959D55F2986DAAB006CAC08 /* ShopViewController.storyboard in Resources */,
				F9D5C55E2986C13B0026EEDC /* LaunchScreen.storyboard in Resources */,
				F9D5C55B2986C13B0026EEDC /* Assets.xcassets in Resources */,
			);
			runOnlyForDeploymentPostprocessing = 0;
		};
/* End PBXResourcesBuildPhase section */

/* Begin PBXSourcesBuildPhase section */
		F9D5C54A2986C13A0026EEDC /* Sources */ = {
			isa = PBXSourcesBuildPhase;
			buildActionMask = 2147483647;
			files = (
				F959D5572986D5F2006CAC08 /* CKRNavigationController.swift in Sources */,
				F99B6A30298964B600C0637A /* ReleaseViewController.swift in Sources */,
				F980C497298ADEFE004C7C8F /* RecommendBrandDataSource.swift in Sources */,
				F9432CA529881BF700CFFC60 /* CKPageBarPlainLayout.swift in Sources */,
				F9D5C5522986C13A0026EEDC /* AppDelegate.swift in Sources */,
				F9432CA329881BDA00CFFC60 /* CKPageBarLayout.swift in Sources */,
				F980C492298AD9ED004C7C8F /* CKRRepository.swift in Sources */,
				F959D5612986DAB4006CAC08 /* ShopViewController.swift in Sources */,
				F980C495298ADEB0004C7C8F /* RecommendBrandRepository.swift in Sources */,
				F99B6A552989891300C0637A /* CKRCell.swift in Sources */,
				F99B6A4E2989863200C0637A /* CKRSection.swift in Sources */,
				F959D5552986D5BF006CAC08 /* CKRPageController.swift in Sources */,
				F959D55B2986D616006CAC08 /* CKRTabBarController.swift in Sources */,
				F959D5532986D57F006CAC08 /* AppNavigator.swift in Sources */,
				F9D5C5542986C13A0026EEDC /* SceneDelegate.swift in Sources */,
				F959D54C2986D40E006CAC08 /* HomeViewController.swift in Sources */,
				F99B6A322989671A00C0637A /* ExhibitionViewController.swift in Sources */,
				F959D5512986D50D006CAC08 /* CKRCollectionController.swift in Sources */,
				F959D5652986DAC4006CAC08 /* StyleViewController.swift in Sources */,
				F980C488298AD704004C7C8F /* QuickButtonSection.swift in Sources */,
				F980C48D298AD88C004C7C8F /* QuickButtonRepository.swift in Sources */,
				F980C48F298AD893004C7C8F /* QuickButtonDataSource.swift in Sources */,
				F959D54F2986D505006CAC08 /* CKRViewController.swift in Sources */,
				F99B6A2A2989647500C0637A /* GenderViewController.swift in Sources */,
				F99B6A53298986BA00C0637A /* SectionLayout.swift in Sources */,
				F99B6A5829898B3B00C0637A /* UIView+.swift in Sources */,
			);
			runOnlyForDeploymentPostprocessing = 0;
		};
/* End PBXSourcesBuildPhase section */

/* Begin PBXVariantGroup section */
		F9D5C55C2986C13B0026EEDC /* LaunchScreen.storyboard */ = {
			isa = PBXVariantGroup;
			children = (
				F9D5C55D2986C13B0026EEDC /* Base */,
			);
			name = LaunchScreen.storyboard;
			sourceTree = "<group>";
		};
/* End PBXVariantGroup section */

/* Begin XCBuildConfiguration section */
		F9D5C5602986C13B0026EEDC /* Debug */ = {
			isa = XCBuildConfiguration;
			buildSettings = {
				ALWAYS_SEARCH_USER_PATHS = NO;
				CLANG_ANALYZER_NONNULL = YES;
				CLANG_ANALYZER_NUMBER_OBJECT_CONVERSION = YES_AGGRESSIVE;
				CLANG_CXX_LANGUAGE_STANDARD = "gnu++20";
				CLANG_ENABLE_MODULES = YES;
				CLANG_ENABLE_OBJC_ARC = YES;
				CLANG_ENABLE_OBJC_WEAK = YES;
				CLANG_WARN_BLOCK_CAPTURE_AUTORELEASING = YES;
				CLANG_WARN_BOOL_CONVERSION = YES;
				CLANG_WARN_COMMA = YES;
				CLANG_WARN_CONSTANT_CONVERSION = YES;
				CLANG_WARN_DEPRECATED_OBJC_IMPLEMENTATIONS = YES;
				CLANG_WARN_DIRECT_OBJC_ISA_USAGE = YES_ERROR;
				CLANG_WARN_DOCUMENTATION_COMMENTS = YES;
				CLANG_WARN_EMPTY_BODY = YES;
				CLANG_WARN_ENUM_CONVERSION = YES;
				CLANG_WARN_INFINITE_RECURSION = YES;
				CLANG_WARN_INT_CONVERSION = YES;
				CLANG_WARN_NON_LITERAL_NULL_CONVERSION = YES;
				CLANG_WARN_OBJC_IMPLICIT_RETAIN_SELF = YES;
				CLANG_WARN_OBJC_LITERAL_CONVERSION = YES;
				CLANG_WARN_OBJC_ROOT_CLASS = YES_ERROR;
				CLANG_WARN_QUOTED_INCLUDE_IN_FRAMEWORK_HEADER = YES;
				CLANG_WARN_RANGE_LOOP_ANALYSIS = YES;
				CLANG_WARN_STRICT_PROTOTYPES = YES;
				CLANG_WARN_SUSPICIOUS_MOVE = YES;
				CLANG_WARN_UNGUARDED_AVAILABILITY = YES_AGGRESSIVE;
				CLANG_WARN_UNREACHABLE_CODE = YES;
				CLANG_WARN__DUPLICATE_METHOD_MATCH = YES;
				COPY_PHASE_STRIP = NO;
				DEBUG_INFORMATION_FORMAT = dwarf;
				ENABLE_STRICT_OBJC_MSGSEND = YES;
				ENABLE_TESTABILITY = YES;
				GCC_C_LANGUAGE_STANDARD = gnu11;
				GCC_DYNAMIC_NO_PIC = NO;
				GCC_NO_COMMON_BLOCKS = YES;
				GCC_OPTIMIZATION_LEVEL = 0;
				GCC_PREPROCESSOR_DEFINITIONS = (
					"DEBUG=1",
					"$(inherited)",
				);
				GCC_WARN_64_TO_32_BIT_CONVERSION = YES;
				GCC_WARN_ABOUT_RETURN_TYPE = YES_ERROR;
				GCC_WARN_UNDECLARED_SELECTOR = YES;
				GCC_WARN_UNINITIALIZED_AUTOS = YES_AGGRESSIVE;
				GCC_WARN_UNUSED_FUNCTION = YES;
				GCC_WARN_UNUSED_VARIABLE = YES;
				IPHONEOS_DEPLOYMENT_TARGET = 16.2;
				MTL_ENABLE_DEBUG_INFO = INCLUDE_SOURCE;
				MTL_FAST_MATH = YES;
				ONLY_ACTIVE_ARCH = YES;
				SDKROOT = iphoneos;
				SWIFT_ACTIVE_COMPILATION_CONDITIONS = DEBUG;
				SWIFT_OPTIMIZATION_LEVEL = "-Onone";
			};
			name = Debug;
		};
		F9D5C5612986C13B0026EEDC /* Release */ = {
			isa = XCBuildConfiguration;
			buildSettings = {
				ALWAYS_SEARCH_USER_PATHS = NO;
				CLANG_ANALYZER_NONNULL = YES;
				CLANG_ANALYZER_NUMBER_OBJECT_CONVERSION = YES_AGGRESSIVE;
				CLANG_CXX_LANGUAGE_STANDARD = "gnu++20";
				CLANG_ENABLE_MODULES = YES;
				CLANG_ENABLE_OBJC_ARC = YES;
				CLANG_ENABLE_OBJC_WEAK = YES;
				CLANG_WARN_BLOCK_CAPTURE_AUTORELEASING = YES;
				CLANG_WARN_BOOL_CONVERSION = YES;
				CLANG_WARN_COMMA = YES;
				CLANG_WARN_CONSTANT_CONVERSION = YES;
				CLANG_WARN_DEPRECATED_OBJC_IMPLEMENTATIONS = YES;
				CLANG_WARN_DIRECT_OBJC_ISA_USAGE = YES_ERROR;
				CLANG_WARN_DOCUMENTATION_COMMENTS = YES;
				CLANG_WARN_EMPTY_BODY = YES;
				CLANG_WARN_ENUM_CONVERSION = YES;
				CLANG_WARN_INFINITE_RECURSION = YES;
				CLANG_WARN_INT_CONVERSION = YES;
				CLANG_WARN_NON_LITERAL_NULL_CONVERSION = YES;
				CLANG_WARN_OBJC_IMPLICIT_RETAIN_SELF = YES;
				CLANG_WARN_OBJC_LITERAL_CONVERSION = YES;
				CLANG_WARN_OBJC_ROOT_CLASS = YES_ERROR;
				CLANG_WARN_QUOTED_INCLUDE_IN_FRAMEWORK_HEADER = YES;
				CLANG_WARN_RANGE_LOOP_ANALYSIS = YES;
				CLANG_WARN_STRICT_PROTOTYPES = YES;
				CLANG_WARN_SUSPICIOUS_MOVE = YES;
				CLANG_WARN_UNGUARDED_AVAILABILITY = YES_AGGRESSIVE;
				CLANG_WARN_UNREACHABLE_CODE = YES;
				CLANG_WARN__DUPLICATE_METHOD_MATCH = YES;
				COPY_PHASE_STRIP = NO;
				DEBUG_INFORMATION_FORMAT = "dwarf-with-dsym";
				ENABLE_NS_ASSERTIONS = NO;
				ENABLE_STRICT_OBJC_MSGSEND = YES;
				GCC_C_LANGUAGE_STANDARD = gnu11;
				GCC_NO_COMMON_BLOCKS = YES;
				GCC_WARN_64_TO_32_BIT_CONVERSION = YES;
				GCC_WARN_ABOUT_RETURN_TYPE = YES_ERROR;
				GCC_WARN_UNDECLARED_SELECTOR = YES;
				GCC_WARN_UNINITIALIZED_AUTOS = YES_AGGRESSIVE;
				GCC_WARN_UNUSED_FUNCTION = YES;
				GCC_WARN_UNUSED_VARIABLE = YES;
				IPHONEOS_DEPLOYMENT_TARGET = 16.2;
				MTL_ENABLE_DEBUG_INFO = NO;
				MTL_FAST_MATH = YES;
				SDKROOT = iphoneos;
				SWIFT_COMPILATION_MODE = wholemodule;
				SWIFT_OPTIMIZATION_LEVEL = "-O";
				VALIDATE_PRODUCT = YES;
			};
			name = Release;
		};
		F9D5C5632986C13B0026EEDC /* Debug */ = {
			isa = XCBuildConfiguration;
			buildSettings = {
				ASSETCATALOG_COMPILER_APPICON_NAME = AppIcon;
				ASSETCATALOG_COMPILER_GLOBAL_ACCENT_COLOR_NAME = AccentColor;
				CODE_SIGN_STYLE = Automatic;
				CURRENT_PROJECT_VERSION = 1;
				DEVELOPMENT_TEAM = 4YL8LS5ZJC;
				GENERATE_INFOPLIST_FILE = YES;
				INFOPLIST_FILE = ChouxKream/Resources/Info.plist;
				INFOPLIST_KEY_UIApplicationSupportsIndirectInputEvents = YES;
				INFOPLIST_KEY_UILaunchStoryboardName = LaunchScreen;
				INFOPLIST_KEY_UIMainStoryboardFile = "";
				INFOPLIST_KEY_UISupportedInterfaceOrientations_iPad = "UIInterfaceOrientationPortrait UIInterfaceOrientationPortraitUpsideDown UIInterfaceOrientationLandscapeLeft UIInterfaceOrientationLandscapeRight";
				INFOPLIST_KEY_UISupportedInterfaceOrientations_iPhone = "UIInterfaceOrientationPortrait UIInterfaceOrientationLandscapeLeft UIInterfaceOrientationLandscapeRight";
				IPHONEOS_DEPLOYMENT_TARGET = 16.0;
				LD_RUNPATH_SEARCH_PATHS = (
					"$(inherited)",
					"@executable_path/Frameworks",
				);
				MARKETING_VERSION = 1.0;
				PRODUCT_BUNDLE_IDENTIFIER = com.hrky.ChouxKream;
				PRODUCT_NAME = "$(TARGET_NAME)";
				SWIFT_EMIT_LOC_STRINGS = YES;
				SWIFT_VERSION = 5.0;
				TARGETED_DEVICE_FAMILY = "1,2";
			};
			name = Debug;
		};
		F9D5C5642986C13B0026EEDC /* Release */ = {
			isa = XCBuildConfiguration;
			buildSettings = {
				ASSETCATALOG_COMPILER_APPICON_NAME = AppIcon;
				ASSETCATALOG_COMPILER_GLOBAL_ACCENT_COLOR_NAME = AccentColor;
				CODE_SIGN_STYLE = Automatic;
				CURRENT_PROJECT_VERSION = 1;
				DEVELOPMENT_TEAM = 4YL8LS5ZJC;
				GENERATE_INFOPLIST_FILE = YES;
				INFOPLIST_FILE = ChouxKream/Resources/Info.plist;
				INFOPLIST_KEY_UIApplicationSupportsIndirectInputEvents = YES;
				INFOPLIST_KEY_UILaunchStoryboardName = LaunchScreen;
				INFOPLIST_KEY_UIMainStoryboardFile = "";
				INFOPLIST_KEY_UISupportedInterfaceOrientations_iPad = "UIInterfaceOrientationPortrait UIInterfaceOrientationPortraitUpsideDown UIInterfaceOrientationLandscapeLeft UIInterfaceOrientationLandscapeRight";
				INFOPLIST_KEY_UISupportedInterfaceOrientations_iPhone = "UIInterfaceOrientationPortrait UIInterfaceOrientationLandscapeLeft UIInterfaceOrientationLandscapeRight";
				IPHONEOS_DEPLOYMENT_TARGET = 16.0;
				LD_RUNPATH_SEARCH_PATHS = (
					"$(inherited)",
					"@executable_path/Frameworks",
				);
				MARKETING_VERSION = 1.0;
				PRODUCT_BUNDLE_IDENTIFIER = com.hrky.ChouxKream;
				PRODUCT_NAME = "$(TARGET_NAME)";
				SWIFT_EMIT_LOC_STRINGS = YES;
				SWIFT_VERSION = 5.0;
				TARGETED_DEVICE_FAMILY = "1,2";
			};
			name = Release;
		};
/* End XCBuildConfiguration section */

/* Begin XCConfigurationList section */
		F9D5C5492986C13A0026EEDC /* Build configuration list for PBXProject "ChouxKream" */ = {
			isa = XCConfigurationList;
			buildConfigurations = (
				F9D5C5602986C13B0026EEDC /* Debug */,
				F9D5C5612986C13B0026EEDC /* Release */,
			);
			defaultConfigurationIsVisible = 0;
			defaultConfigurationName = Release;
		};
		F9D5C5622986C13B0026EEDC /* Build configuration list for PBXNativeTarget "ChouxKream" */ = {
			isa = XCConfigurationList;
			buildConfigurations = (
				F9D5C5632986C13B0026EEDC /* Debug */,
				F9D5C5642986C13B0026EEDC /* Release */,
			);
			defaultConfigurationIsVisible = 0;
			defaultConfigurationName = Release;
		};
/* End XCConfigurationList section */

/* Begin XCRemoteSwiftPackageReference section */
		F99B6A3A29896FA100C0637A /* XCRemoteSwiftPackageReference "RxSwift" */ = {
			isa = XCRemoteSwiftPackageReference;
			repositoryURL = "https://github.com/ReactiveX/RxSwift";
			requirement = {
				kind = upToNextMajorVersion;
				minimumVersion = 6.0.0;
			};
		};
/* End XCRemoteSwiftPackageReference section */

/* Begin XCSwiftPackageProductDependency section */
		F99B6A3B29896FA100C0637A /* RxCocoa */ = {
			isa = XCSwiftPackageProductDependency;
			package = F99B6A3A29896FA100C0637A /* XCRemoteSwiftPackageReference "RxSwift" */;
			productName = RxCocoa;
		};
		F99B6A3D29896FA100C0637A /* RxRelay */ = {
			isa = XCSwiftPackageProductDependency;
			package = F99B6A3A29896FA100C0637A /* XCRemoteSwiftPackageReference "RxSwift" */;
			productName = RxRelay;
		};
		F99B6A3F29896FA100C0637A /* RxSwift */ = {
			isa = XCSwiftPackageProductDependency;
			package = F99B6A3A29896FA100C0637A /* XCRemoteSwiftPackageReference "RxSwift" */;
			productName = RxSwift;
		};
/* End XCSwiftPackageProductDependency section */
	};
	rootObject = F9D5C5462986C13A0026EEDC /* Project object */;
}
