// !$*UTF8*$!
{
	archiveVersion = 1;
	classes = {
	};
	objectVersion = 56;
	objects = {

/* Begin PBXBuildFile section */
		F9432CA329881BDA00CFFC60 /* CKPageBarLayout.swift in Sources */ = {isa = PBXBuildFile; fileRef = F9432CA229881BDA00CFFC60 /* CKPageBarLayout.swift */; };
		F9432CA529881BF700CFFC60 /* CKPageBarPlainLayout.swift in Sources */ = {isa = PBXBuildFile; fileRef = F9432CA429881BF700CFFC60 /* CKPageBarPlainLayout.swift */; };
		F959D54A2986D407006CAC08 /* HomeViewController.storyboard in Resources */ = {isa = PBXBuildFile; fileRef = F959D5492986D407006CAC08 /* HomeViewController.storyboard */; };
		F959D54C2986D40E006CAC08 /* HomeViewController.swift in Sources */ = {isa = PBXBuildFile; fileRef = F959D54B2986D40E006CAC08 /* HomeViewController.swift */; };
		F959D54F2986D505006CAC08 /* CKRViewController.swift in Sources */ = {isa = PBXBuildFile; fileRef = F959D54E2986D505006CAC08 /* CKRViewController.swift */; };
		F959D5512986D50D006CAC08 /* CKRCollectionController.swift in Sources */ = {isa = PBXBuildFile; fileRef = F959D5502986D50D006CAC08 /* CKRCollectionController.swift */; };
		F959D5532986D57F006CAC08 /* AppNavigator.swift in Sources */ = {isa = PBXBuildFile; fileRef = F959D5522986D57F006CAC08 /* AppNavigator.swift */; };
		F959D5552986D5BF006CAC08 /* CKRPageController.swift in Sources */ = {isa = PBXBuildFile; fileRef = F959D5542986D5BF006CAC08 /* CKRPageController.swift */; };
		F959D5572986D5F2006CAC08 /* CKRNavigationController.swift in Sources */ = {isa = PBXBuildFile; fileRef = F959D5562986D5F2006CAC08 /* CKRNavigationController.swift */; };
		F959D55B2986D616006CAC08 /* CKRTabBarController.swift in Sources */ = {isa = PBXBuildFile; fileRef = F959D55A2986D616006CAC08 /* CKRTabBarController.swift */; };
		F959D55F2986DAAB006CAC08 /* ShopViewController.storyboard in Resources */ = {isa = PBXBuildFile; fileRef = F959D55E2986DAAB006CAC08 /* ShopViewController.storyboard */; };
		F959D5612986DAB4006CAC08 /* ShopViewController.swift in Sources */ = {isa = PBXBuildFile; fileRef = F959D5602986DAB4006CAC08 /* ShopViewController.swift */; };
		F959D5632986DABD006CAC08 /* StyleViewController.storyboard in Resources */ = {isa = PBXBuildFile; fileRef = F959D5622986DABD006CAC08 /* StyleViewController.storyboard */; };
		F959D5652986DAC4006CAC08 /* StyleViewController.swift in Sources */ = {isa = PBXBuildFile; fileRef = F959D5642986DAC4006CAC08 /* StyleViewController.swift */; };
		F9D5C5522986C13A0026EEDC /* AppDelegate.swift in Sources */ = {isa = PBXBuildFile; fileRef = F9D5C5512986C13A0026EEDC /* AppDelegate.swift */; };
		F9D5C5542986C13A0026EEDC /* SceneDelegate.swift in Sources */ = {isa = PBXBuildFile; fileRef = F9D5C5532986C13A0026EEDC /* SceneDelegate.swift */; };
		F9D5C55B2986C13B0026EEDC /* Assets.xcassets in Resources */ = {isa = PBXBuildFile; fileRef = F9D5C55A2986C13B0026EEDC /* Assets.xcassets */; };
		F9D5C55E2986C13B0026EEDC /* LaunchScreen.storyboard in Resources */ = {isa = PBXBuildFile; fileRef = F9D5C55C2986C13B0026EEDC /* LaunchScreen.storyboard */; };
/* End PBXBuildFile section */

/* Begin PBXFileReference section */
		F9432CA229881BDA00CFFC60 /* CKPageBarLayout.swift */ = {isa = PBXFileReference; lastKnownFileType = sourcecode.swift; name = CKPageBarLayout.swift; path = ../../../../../../../../../../Desktop/CKPageBarLayout.swift; sourceTree = "<group>"; };
		F9432CA429881BF700CFFC60 /* CKPageBarPlainLayout.swift */ = {isa = PBXFileReference; lastKnownFileType = sourcecode.swift; path = CKPageBarPlainLayout.swift; sourceTree = "<group>"; };
		F959D5492986D407006CAC08 /* HomeViewController.storyboard */ = {isa = PBXFileReference; lastKnownFileType = file.storyboard; path = HomeViewController.storyboard; sourceTree = "<group>"; };
		F959D54B2986D40E006CAC08 /* HomeViewController.swift */ = {isa = PBXFileReference; lastKnownFileType = sourcecode.swift; path = HomeViewController.swift; sourceTree = "<group>"; };
		F959D54E2986D505006CAC08 /* CKRViewController.swift */ = {isa = PBXFileReference; lastKnownFileType = sourcecode.swift; path = CKRViewController.swift; sourceTree = "<group>"; };
		F959D5502986D50D006CAC08 /* CKRCollectionController.swift */ = {isa = PBXFileReference; lastKnownFileType = sourcecode.swift; path = CKRCollectionController.swift; sourceTree = "<group>"; };
		F959D5522986D57F006CAC08 /* AppNavigator.swift */ = {isa = PBXFileReference; lastKnownFileType = sourcecode.swift; path = AppNavigator.swift; sourceTree = "<group>"; };
		F959D5542986D5BF006CAC08 /* CKRPageController.swift */ = {isa = PBXFileReference; lastKnownFileType = sourcecode.swift; path = CKRPageController.swift; sourceTree = "<group>"; };
		F959D5562986D5F2006CAC08 /* CKRNavigationController.swift */ = {isa = PBXFileReference; lastKnownFileType = sourcecode.swift; path = CKRNavigationController.swift; sourceTree = "<group>"; };
		F959D55A2986D616006CAC08 /* CKRTabBarController.swift */ = {isa = PBXFileReference; lastKnownFileType = sourcecode.swift; path = CKRTabBarController.swift; sourceTree = "<group>"; };
		F959D55E2986DAAB006CAC08 /* ShopViewController.storyboard */ = {isa = PBXFileReference; lastKnownFileType = file.storyboard; path = ShopViewController.storyboard; sourceTree = "<group>"; };
		F959D5602986DAB4006CAC08 /* ShopViewController.swift */ = {isa = PBXFileReference; lastKnownFileType = sourcecode.swift; path = ShopViewController.swift; sourceTree = "<group>"; };
		F959D5622986DABD006CAC08 /* StyleViewController.storyboard */ = {isa = PBXFileReference; lastKnownFileType = file.storyboard; path = StyleViewController.storyboard; sourceTree = "<group>"; };
		F959D5642986DAC4006CAC08 /* StyleViewController.swift */ = {isa = PBXFileReference; lastKnownFileType = sourcecode.swift; path = StyleViewController.swift; sourceTree = "<group>"; };
		F9D5C54E2986C13A0026EEDC /* ChouxKream.app */ = {isa = PBXFileReference; explicitFileType = wrapper.application; includeInIndex = 0; path = ChouxKream.app; sourceTree = BUILT_PRODUCTS_DIR; };
		F9D5C5512986C13A0026EEDC /* AppDelegate.swift */ = {isa = PBXFileReference; lastKnownFileType = sourcecode.swift; path = AppDelegate.swift; sourceTree = "<group>"; };
		F9D5C5532986C13A0026EEDC /* SceneDelegate.swift */ = {isa = PBXFileReference; lastKnownFileType = sourcecode.swift; path = SceneDelegate.swift; sourceTree = "<group>"; };
		F9D5C55A2986C13B0026EEDC /* Assets.xcassets */ = {isa = PBXFileReference; lastKnownFileType = folder.assetcatalog; path = Assets.xcassets; sourceTree = "<group>"; };
		F9D5C55D2986C13B0026EEDC /* Base */ = {isa = PBXFileReference; lastKnownFileType = file.storyboard; name = Base; path = Base.lproj/LaunchScreen.storyboard; sourceTree = "<group>"; };
		F9D5C55F2986C13B0026EEDC /* Info.plist */ = {isa = PBXFileReference; lastKnownFileType = text.plist.xml; path = Info.plist; sourceTree = "<group>"; };
/* End PBXFileReference section */

/* Begin PBXFrameworksBuildPhase section */
		F9D5C54B2986C13A0026EEDC /* Frameworks */ = {
			isa = PBXFrameworksBuildPhase;
			buildActionMask = 2147483647;
			files = (
			);
			runOnlyForDeploymentPostprocessing = 0;
		};
/* End PBXFrameworksBuildPhase section */

/* Begin PBXGroup section */
		F9432CA029881BBB00CFFC60 /* CKRPageController */ = {
			isa = PBXGroup;
			children = (
				F959D5542986D5BF006CAC08 /* CKRPageController.swift */,
				F9432CA129881BC700CFFC60 /* CKPageBarLayout */,
			);
			path = CKRPageController;
			sourceTree = "<group>";
		};
		F9432CA129881BC700CFFC60 /* CKPageBarLayout */ = {
			isa = PBXGroup;
			children = (
				F9432CA229881BDA00CFFC60 /* CKPageBarLayout.swift */,
				F9432CA429881BF700CFFC60 /* CKPageBarPlainLayout.swift */,
			);
			path = CKPageBarLayout;
			sourceTree = "<group>";
		};
		F959D5482986D3FD006CAC08 /* Home */ = {
			isa = PBXGroup;
			children = (
				F959D5492986D407006CAC08 /* HomeViewController.storyboard */,
				F959D54B2986D40E006CAC08 /* HomeViewController.swift */,
			);
			path = Home;
			sourceTree = "<group>";
		};
		F959D54D2986D4EA006CAC08 /* Template */ = {
			isa = PBXGroup;
			children = (
				F959D5592986D607006CAC08 /* Content */,
				F959D5582986D600006CAC08 /* Container */,
			);
			path = Template;
			sourceTree = "<group>";
		};
		F959D5582986D600006CAC08 /* Container */ = {
			isa = PBXGroup;
			children = (
				F959D5562986D5F2006CAC08 /* CKRNavigationController.swift */,
				F9432CA029881BBB00CFFC60 /* CKRPageController */,
				F959D55A2986D616006CAC08 /* CKRTabBarController.swift */,
			);
			path = Container;
			sourceTree = "<group>";
		};
		F959D5592986D607006CAC08 /* Content */ = {
			isa = PBXGroup;
			children = (
				F959D54E2986D505006CAC08 /* CKRViewController.swift */,
				F959D5502986D50D006CAC08 /* CKRCollectionController.swift */,
			);
			path = Content;
			sourceTree = "<group>";
		};
		F959D55C2986DA90006CAC08 /* Style */ = {
			isa = PBXGroup;
			children = (
				F959D5622986DABD006CAC08 /* StyleViewController.storyboard */,
				F959D5642986DAC4006CAC08 /* StyleViewController.swift */,
			);
			path = Style;
			sourceTree = "<group>";
		};
		F959D55D2986DA95006CAC08 /* Shop */ = {
			isa = PBXGroup;
			children = (
				F959D55E2986DAAB006CAC08 /* ShopViewController.storyboard */,
				F959D5602986DAB4006CAC08 /* ShopViewController.swift */,
			);
			path = Shop;
			sourceTree = "<group>";
		};
		F9D5C5452986C13A0026EEDC = {
			isa = PBXGroup;
			children = (
				F9D5C5502986C13A0026EEDC /* ChouxKream */,
				F9D5C54F2986C13A0026EEDC /* Products */,
			);
			sourceTree = "<group>";
		};
		F9D5C54F2986C13A0026EEDC /* Products */ = {
			isa = PBXGroup;
			children = (
				F9D5C54E2986C13A0026EEDC /* ChouxKream.app */,
			);
			name = Products;
			sourceTree = "<group>";
		};
		F9D5C5502986C13A0026EEDC /* ChouxKream */ = {
			isa = PBXGroup;
			children = (
				F9D5C5652986C5BD0026EEDC /* Sources */,
				F9D5C5662986C5C50026EEDC /* Resources */,
			);
			path = ChouxKream;
			sourceTree = "<group>";
		};
		F9D5C5652986C5BD0026EEDC /* Sources */ = {
			isa = PBXGroup;
			children = (
				F9D5C5672986C5ED0026EEDC /* Application */,
				F9D5C5682986C5F20026EEDC /* Screen */,
			);
			path = Sources;
			sourceTree = "<group>";
		};
		F9D5C5662986C5C50026EEDC /* Resources */ = {
			isa = PBXGroup;
			children = (
				F9D5C55A2986C13B0026EEDC /* Assets.xcassets */,
				F9D5C55C2986C13B0026EEDC /* LaunchScreen.storyboard */,
				F9D5C55F2986C13B0026EEDC /* Info.plist */,
			);
			path = Resources;
			sourceTree = "<group>";
		};
		F9D5C5672986C5ED0026EEDC /* Application */ = {
			isa = PBXGroup;
			children = (
				F9D5C5512986C13A0026EEDC /* AppDelegate.swift */,
				F959D5522986D57F006CAC08 /* AppNavigator.swift */,
				F9D5C5532986C13A0026EEDC /* SceneDelegate.swift */,
			);
			path = Application;
			sourceTree = "<group>";
		};
		F9D5C5682986C5F20026EEDC /* Screen */ = {
			isa = PBXGroup;
			children = (
				F959D54D2986D4EA006CAC08 /* Template */,
				F959D5482986D3FD006CAC08 /* Home */,
				F959D55C2986DA90006CAC08 /* Style */,
				F959D55D2986DA95006CAC08 /* Shop */,
			);
			path = Screen;
			sourceTree = "<group>";
		};
/* End PBXGroup section */

/* Begin PBXNativeTarget section */
		F9D5C54D2986C13A0026EEDC /* ChouxKream */ = {
			isa = PBXNativeTarget;
			buildConfigurationList = F9D5C5622986C13B0026EEDC /* Build configuration list for PBXNativeTarget "ChouxKream" */;
			buildPhases = (
				F9D5C54A2986C13A0026EEDC /* Sources */,
				F9D5C54B2986C13A0026EEDC /* Frameworks */,
				F9D5C54C2986C13A0026EEDC /* Resources */,
			);
			buildRules = (
			);
			dependencies = (
			);
			name = ChouxKream;
			productName = ChouxKream;
			productReference = F9D5C54E2986C13A0026EEDC /* ChouxKream.app */;
			productType = "com.apple.product-type.application";
		};
/* End PBXNativeTarget section */

/* Begin PBXProject section */
		F9D5C5462986C13A0026EEDC /* Project object */ = {
			isa = PBXProject;
			attributes = {
				BuildIndependentTargetsInParallel = 1;
				LastSwiftUpdateCheck = 1420;
				LastUpgradeCheck = 1420;
				TargetAttributes = {
					F9D5C54D2986C13A0026EEDC = {
						CreatedOnToolsVersion = 14.2;
					};
				};
			};
			buildConfigurationList = F9D5C5492986C13A0026EEDC /* Build configuration list for PBXProject "ChouxKream" */;
			compatibilityVersion = "Xcode 14.0";
			developmentRegion = en;
			hasScannedForEncodings = 0;
			knownRegions = (
				en,
				Base,
			);
			mainGroup = F9D5C5452986C13A0026EEDC;
			productRefGroup = F9D5C54F2986C13A0026EEDC /* Products */;
			projectDirPath = "";
			projectRoot = "";
			targets = (
				F9D5C54D2986C13A0026EEDC /* ChouxKream */,
			);
		};
/* End PBXProject section */

/* Begin PBXResourcesBuildPhase section */
		F9D5C54C2986C13A0026EEDC /* Resources */ = {
			isa = PBXResourcesBuildPhase;
			buildActionMask = 2147483647;
			files = (
				F959D5632986DABD006CAC08 /* StyleViewController.storyboard in Resources */,
				F959D54A2986D407006CAC08 /* HomeViewController.storyboard in Resources */,
				F959D55F2986DAAB006CAC08 /* ShopViewController.storyboard in Resources */,
				F9D5C55E2986C13B0026EEDC /* LaunchScreen.storyboard in Resources */,
				F9D5C55B2986C13B0026EEDC /* Assets.xcassets in Resources */,
			);
			runOnlyForDeploymentPostprocessing = 0;
		};
/* End PBXResourcesBuildPhase section */

/* Begin PBXSourcesBuildPhase section */
		F9D5C54A2986C13A0026EEDC /* Sources */ = {
			isa = PBXSourcesBuildPhase;
			buildActionMask = 2147483647;
			files = (
				F959D5572986D5F2006CAC08 /* CKRNavigationController.swift in Sources */,
				F9432CA529881BF700CFFC60 /* CKPageBarPlainLayout.swift in Sources */,
				F9D5C5522986C13A0026EEDC /* AppDelegate.swift in Sources */,
				F9432CA329881BDA00CFFC60 /* CKPageBarLayout.swift in Sources */,
				F959D5612986DAB4006CAC08 /* ShopViewController.swift in Sources */,
				F959D5552986D5BF006CAC08 /* CKRPageController.swift in Sources */,
				F959D55B2986D616006CAC08 /* CKRTabBarController.swift in Sources */,
				F959D5532986D57F006CAC08 /* AppNavigator.swift in Sources */,
				F9D5C5542986C13A0026EEDC /* SceneDelegate.swift in Sources */,
				F959D54C2986D40E006CAC08 /* HomeViewController.swift in Sources */,
				F959D5512986D50D006CAC08 /* CKRCollectionController.swift in Sources */,
				F959D5652986DAC4006CAC08 /* StyleViewController.swift in Sources */,
				F959D54F2986D505006CAC08 /* CKRViewController.swift in Sources */,
			);
			runOnlyForDeploymentPostprocessing = 0;
		};
/* End PBXSourcesBuildPhase section */

/* Begin PBXVariantGroup section */
		F9D5C55C2986C13B0026EEDC /* LaunchScreen.storyboard */ = {
			isa = PBXVariantGroup;
			children = (
				F9D5C55D2986C13B0026EEDC /* Base */,
			);
			name = LaunchScreen.storyboard;
			sourceTree = "<group>";
		};
/* End PBXVariantGroup section */

/* Begin XCBuildConfiguration section */
		F9D5C5602986C13B0026EEDC /* Debug */ = {
			isa = XCBuildConfiguration;
			buildSettings = {
				ALWAYS_SEARCH_USER_PATHS = NO;
				CLANG_ANALYZER_NONNULL = YES;
				CLANG_ANALYZER_NUMBER_OBJECT_CONVERSION = YES_AGGRESSIVE;
				CLANG_CXX_LANGUAGE_STANDARD = "gnu++20";
				CLANG_ENABLE_MODULES = YES;
				CLANG_ENABLE_OBJC_ARC = YES;
				CLANG_ENABLE_OBJC_WEAK = YES;
				CLANG_WARN_BLOCK_CAPTURE_AUTORELEASING = YES;
				CLANG_WARN_BOOL_CONVERSION = YES;
				CLANG_WARN_COMMA = YES;
				CLANG_WARN_CONSTANT_CONVERSION = YES;
				CLANG_WARN_DEPRECATED_OBJC_IMPLEMENTATIONS = YES;
				CLANG_WARN_DIRECT_OBJC_ISA_USAGE = YES_ERROR;
				CLANG_WARN_DOCUMENTATION_COMMENTS = YES;
				CLANG_WARN_EMPTY_BODY = YES;
				CLANG_WARN_ENUM_CONVERSION = YES;
				CLANG_WARN_INFINITE_RECURSION = YES;
				CLANG_WARN_INT_CONVERSION = YES;
				CLANG_WARN_NON_LITERAL_NULL_CONVERSION = YES;
				CLANG_WARN_OBJC_IMPLICIT_RETAIN_SELF = YES;
				CLANG_WARN_OBJC_LITERAL_CONVERSION = YES;
				CLANG_WARN_OBJC_ROOT_CLASS = YES_ERROR;
				CLANG_WARN_QUOTED_INCLUDE_IN_FRAMEWORK_HEADER = YES;
				CLANG_WARN_RANGE_LOOP_ANALYSIS = YES;
				CLANG_WARN_STRICT_PROTOTYPES = YES;
				CLANG_WARN_SUSPICIOUS_MOVE = YES;
				CLANG_WARN_UNGUARDED_AVAILABILITY = YES_AGGRESSIVE;
				CLANG_WARN_UNREACHABLE_CODE = YES;
				CLANG_WARN__DUPLICATE_METHOD_MATCH = YES;
				COPY_PHASE_STRIP = NO;
				DEBUG_INFORMATION_FORMAT = dwarf;
				ENABLE_STRICT_OBJC_MSGSEND = YES;
				ENABLE_TESTABILITY = YES;
				GCC_C_LANGUAGE_STANDARD = gnu11;
				GCC_DYNAMIC_NO_PIC = NO;
				GCC_NO_COMMON_BLOCKS = YES;
				GCC_OPTIMIZATION_LEVEL = 0;
				GCC_PREPROCESSOR_DEFINITIONS = (
					"DEBUG=1",
					"$(inherited)",
				);
				GCC_WARN_64_TO_32_BIT_CONVERSION = YES;
				GCC_WARN_ABOUT_RETURN_TYPE = YES_ERROR;
				GCC_WARN_UNDECLARED_SELECTOR = YES;
				GCC_WARN_UNINITIALIZED_AUTOS = YES_AGGRESSIVE;
				GCC_WARN_UNUSED_FUNCTION = YES;
				GCC_WARN_UNUSED_VARIABLE = YES;
				IPHONEOS_DEPLOYMENT_TARGET = 16.2;
				MTL_ENABLE_DEBUG_INFO = INCLUDE_SOURCE;
				MTL_FAST_MATH = YES;
				ONLY_ACTIVE_ARCH = YES;
				SDKROOT = iphoneos;
				SWIFT_ACTIVE_COMPILATION_CONDITIONS = DEBUG;
				SWIFT_OPTIMIZATION_LEVEL = "-Onone";
			};
			name = Debug;
		};
		F9D5C5612986C13B0026EEDC /* Release */ = {
			isa = XCBuildConfiguration;
			buildSettings = {
				ALWAYS_SEARCH_USER_PATHS = NO;
				CLANG_ANALYZER_NONNULL = YES;
				CLANG_ANALYZER_NUMBER_OBJECT_CONVERSION = YES_AGGRESSIVE;
				CLANG_CXX_LANGUAGE_STANDARD = "gnu++20";
				CLANG_ENABLE_MODULES = YES;
				CLANG_ENABLE_OBJC_ARC = YES;
				CLANG_ENABLE_OBJC_WEAK = YES;
				CLANG_WARN_BLOCK_CAPTURE_AUTORELEASING = YES;
				CLANG_WARN_BOOL_CONVERSION = YES;
				CLANG_WARN_COMMA = YES;
				CLANG_WARN_CONSTANT_CONVERSION = YES;
				CLANG_WARN_DEPRECATED_OBJC_IMPLEMENTATIONS = YES;
				CLANG_WARN_DIRECT_OBJC_ISA_USAGE = YES_ERROR;
				CLANG_WARN_DOCUMENTATION_COMMENTS = YES;
				CLANG_WARN_EMPTY_BODY = YES;
				CLANG_WARN_ENUM_CONVERSION = YES;
				CLANG_WARN_INFINITE_RECURSION = YES;
				CLANG_WARN_INT_CONVERSION = YES;
				CLANG_WARN_NON_LITERAL_NULL_CONVERSION = YES;
				CLANG_WARN_OBJC_IMPLICIT_RETAIN_SELF = YES;
				CLANG_WARN_OBJC_LITERAL_CONVERSION = YES;
				CLANG_WARN_OBJC_ROOT_CLASS = YES_ERROR;
				CLANG_WARN_QUOTED_INCLUDE_IN_FRAMEWORK_HEADER = YES;
				CLANG_WARN_RANGE_LOOP_ANALYSIS = YES;
				CLANG_WARN_STRICT_PROTOTYPES = YES;
				CLANG_WARN_SUSPICIOUS_MOVE = YES;
				CLANG_WARN_UNGUARDED_AVAILABILITY = YES_AGGRESSIVE;
				CLANG_WARN_UNREACHABLE_CODE = YES;
				CLANG_WARN__DUPLICATE_METHOD_MATCH = YES;
				COPY_PHASE_STRIP = NO;
				DEBUG_INFORMATION_FORMAT = "dwarf-with-dsym";
				ENABLE_NS_ASSERTIONS = NO;
				ENABLE_STRICT_OBJC_MSGSEND = YES;
				GCC_C_LANGUAGE_STANDARD = gnu11;
				GCC_NO_COMMON_BLOCKS = YES;
				GCC_WARN_64_TO_32_BIT_CONVERSION = YES;
				GCC_WARN_ABOUT_RETURN_TYPE = YES_ERROR;
				GCC_WARN_UNDECLARED_SELECTOR = YES;
				GCC_WARN_UNINITIALIZED_AUTOS = YES_AGGRESSIVE;
				GCC_WARN_UNUSED_FUNCTION = YES;
				GCC_WARN_UNUSED_VARIABLE = YES;
				IPHONEOS_DEPLOYMENT_TARGET = 16.2;
				MTL_ENABLE_DEBUG_INFO = NO;
				MTL_FAST_MATH = YES;
				SDKROOT = iphoneos;
				SWIFT_COMPILATION_MODE = wholemodule;
				SWIFT_OPTIMIZATION_LEVEL = "-O";
				VALIDATE_PRODUCT = YES;
			};
			name = Release;
		};
		F9D5C5632986C13B0026EEDC /* Debug */ = {
			isa = XCBuildConfiguration;
			buildSettings = {
				ASSETCATALOG_COMPILER_APPICON_NAME = AppIcon;
				ASSETCATALOG_COMPILER_GLOBAL_ACCENT_COLOR_NAME = AccentColor;
				CODE_SIGN_STYLE = Automatic;
				CURRENT_PROJECT_VERSION = 1;
				DEVELOPMENT_TEAM = 4YL8LS5ZJC;
				GENERATE_INFOPLIST_FILE = YES;
				INFOPLIST_FILE = ChouxKream/Resources/Info.plist;
				INFOPLIST_KEY_UIApplicationSupportsIndirectInputEvents = YES;
				INFOPLIST_KEY_UILaunchStoryboardName = LaunchScreen;
				INFOPLIST_KEY_UIMainStoryboardFile = "";
				INFOPLIST_KEY_UISupportedInterfaceOrientations_iPad = "UIInterfaceOrientationPortrait UIInterfaceOrientationPortraitUpsideDown UIInterfaceOrientationLandscapeLeft UIInterfaceOrientationLandscapeRight";
				INFOPLIST_KEY_UISupportedInterfaceOrientations_iPhone = "UIInterfaceOrientationPortrait UIInterfaceOrientationLandscapeLeft UIInterfaceOrientationLandscapeRight";
				IPHONEOS_DEPLOYMENT_TARGET = 16.0;
				LD_RUNPATH_SEARCH_PATHS = (
					"$(inherited)",
					"@executable_path/Frameworks",
				);
				MARKETING_VERSION = 1.0;
				PRODUCT_BUNDLE_IDENTIFIER = com.hrky.ChouxKream;
				PRODUCT_NAME = "$(TARGET_NAME)";
				SWIFT_EMIT_LOC_STRINGS = YES;
				SWIFT_VERSION = 5.0;
				TARGETED_DEVICE_FAMILY = "1,2";
			};
			name = Debug;
		};
		F9D5C5642986C13B0026EEDC /* Release */ = {
			isa = XCBuildConfiguration;
			buildSettings = {
				ASSETCATALOG_COMPILER_APPICON_NAME = AppIcon;
				ASSETCATALOG_COMPILER_GLOBAL_ACCENT_COLOR_NAME = AccentColor;
				CODE_SIGN_STYLE = Automatic;
				CURRENT_PROJECT_VERSION = 1;
				DEVELOPMENT_TEAM = 4YL8LS5ZJC;
				GENERATE_INFOPLIST_FILE = YES;
				INFOPLIST_FILE = ChouxKream/Resources/Info.plist;
				INFOPLIST_KEY_UIApplicationSupportsIndirectInputEvents = YES;
				INFOPLIST_KEY_UILaunchStoryboardName = LaunchScreen;
				INFOPLIST_KEY_UIMainStoryboardFile = "";
				INFOPLIST_KEY_UISupportedInterfaceOrientations_iPad = "UIInterfaceOrientationPortrait UIInterfaceOrientationPortraitUpsideDown UIInterfaceOrientationLandscapeLeft UIInterfaceOrientationLandscapeRight";
				INFOPLIST_KEY_UISupportedInterfaceOrientations_iPhone = "UIInterfaceOrientationPortrait UIInterfaceOrientationLandscapeLeft UIInterfaceOrientationLandscapeRight";
				IPHONEOS_DEPLOYMENT_TARGET = 16.0;
				LD_RUNPATH_SEARCH_PATHS = (
					"$(inherited)",
					"@executable_path/Frameworks",
				);
				MARKETING_VERSION = 1.0;
				PRODUCT_BUNDLE_IDENTIFIER = com.hrky.ChouxKream;
				PRODUCT_NAME = "$(TARGET_NAME)";
				SWIFT_EMIT_LOC_STRINGS = YES;
				SWIFT_VERSION = 5.0;
				TARGETED_DEVICE_FAMILY = "1,2";
			};
			name = Release;
		};
/* End XCBuildConfiguration section */

/* Begin XCConfigurationList section */
		F9D5C5492986C13A0026EEDC /* Build configuration list for PBXProject "ChouxKream" */ = {
			isa = XCConfigurationList;
			buildConfigurations = (
				F9D5C5602986C13B0026EEDC /* Debug */,
				F9D5C5612986C13B0026EEDC /* Release */,
			);
			defaultConfigurationIsVisible = 0;
			defaultConfigurationName = Release;
		};
		F9D5C5622986C13B0026EEDC /* Build configuration list for PBXNativeTarget "ChouxKream" */ = {
			isa = XCConfigurationList;
			buildConfigurations = (
				F9D5C5632986C13B0026EEDC /* Debug */,
				F9D5C5642986C13B0026EEDC /* Release */,
			);
			defaultConfigurationIsVisible = 0;
			defaultConfigurationName = Release;
		};
/* End XCConfigurationList section */
	};
	rootObject = F9D5C5462986C13A0026EEDC /* Project object */;
}
